
Microsoft Visual Studio Solution File, Format Version 12.00
# Visual Studio 15
VisualStudioVersion = 15.0.28307.421
MinimumVisualStudioVersion = 10.0.40219.1
Project("{FAE04EC0-301F-11D3-BF4B-00C04F79EFBC}") = "krestikinoliki", "krestikinoliki\krestikinoliki.csproj", "{D1B3146D-F24C-4E6A-8A3E-F49350A0E7F8}"
EndProject
Global
	GlobalSection(SolutionConfigurationPlatforms) = preSolution
		Debug|Any CPU = Debug|Any CPU
		Release|Any CPU = Release|Any CPU
	EndGlobalSection
	GlobalSection(ProjectConfigurationPlatforms) = postSolution
		{D1B3146D-F24C-4E6A-8A3E-F49350A0E7F8}.Debug|Any CPU.ActiveCfg = Debug|Any CPU
		{D1B3146D-F24C-4E6A-8A3E-F49350A0E7F8}.Debug|Any CPU.Build.0 = Debug|Any CPU
		{D1B3146D-F24C-4E6A-8A3E-F49350A0E7F8}.Release|Any CPU.ActiveCfg = Release|Any CPU
		{D1B3146D-F24C-4E6A-8A3E-F49350A0E7F8}.Release|Any CPU.Build.0 = Release|Any CPU
	EndGlobalSection
	GlobalSection(SolutionProperties) = preSolution
		HideSolutionNode = FALSE
	EndGlobalSection
	GlobalSection(ExtensibilityGlobals) = postSolution
		SolutionGuid = {942BD156-E951-4E18-9BDE-BBCEC4B65873}
	EndGlobalSection
EndGlobal
